// !$*UTF8*$!
{
	archiveVersion = 1;
	classes = {
	};
	objectVersion = 46;
	objects = {

/* Begin PBXBuildFile section */
		0F81B943171C0F95004FFBFD /* UIKit.framework in Frameworks */ = {isa = PBXBuildFile; fileRef = 0F81B942171C0F95004FFBFD /* UIKit.framework */; };
		0F81B945171C0F95004FFBFD /* Foundation.framework in Frameworks */ = {isa = PBXBuildFile; fileRef = 0F81B944171C0F95004FFBFD /* Foundation.framework */; };
		0F81B947171C0F95004FFBFD /* CoreGraphics.framework in Frameworks */ = {isa = PBXBuildFile; fileRef = 0F81B946171C0F95004FFBFD /* CoreGraphics.framework */; };
		0F81B94D171C0F95004FFBFD /* InfoPlist.strings in Resources */ = {isa = PBXBuildFile; fileRef = 0F81B94B171C0F95004FFBFD /* InfoPlist.strings */; };
		0F81B94F171C0F95004FFBFD /* main.m in Sources */ = {isa = PBXBuildFile; fileRef = 0F81B94E171C0F95004FFBFD /* main.m */; };
		0F81B953171C0F95004FFBFD /* AppDelegate.m in Sources */ = {isa = PBXBuildFile; fileRef = 0F81B952171C0F95004FFBFD /* AppDelegate.m */; };
		0F81B955171C0F95004FFBFD /* Default.png in Resources */ = {isa = PBXBuildFile; fileRef = 0F81B954171C0F95004FFBFD /* Default.png */; };
		0F81B957171C0F95004FFBFD /* Default@2x.png in Resources */ = {isa = PBXBuildFile; fileRef = 0F81B956171C0F95004FFBFD /* Default@2x.png */; };
		0F81B959171C0F95004FFBFD /* Default-568h@2x.png in Resources */ = {isa = PBXBuildFile; fileRef = 0F81B958171C0F95004FFBFD /* Default-568h@2x.png */; };
		0F81B95C171C0F95004FFBFD /* ViewController.m in Sources */ = {isa = PBXBuildFile; fileRef = 0F81B95B171C0F95004FFBFD /* ViewController.m */; };
/* End PBXBuildFile section */

/* Begin PBXFileReference section */
		0F81B93F171C0F95004FFBFD /* 1111.app */ = {isa = PBXFileReference; explicitFileType = wrapper.application; includeInIndex = 0; path = 1111.app; sourceTree = BUILT_PRODUCTS_DIR; };
		0F81B942171C0F95004FFBFD /* UIKit.framework */ = {isa = PBXFileReference; lastKnownFileType = wrapper.framework; name = UIKit.framework; path = System/Library/Frameworks/UIKit.framework; sourceTree = SDKROOT; };
		0F81B944171C0F95004FFBFD /* Foundation.framework */ = {isa = PBXFileReference; lastKnownFileType = wrapper.framework; name = Foundation.framework; path = System/Library/Frameworks/Foundation.framework; sourceTree = SDKROOT; };
		0F81B946171C0F95004FFBFD /* CoreGraphics.framework */ = {isa = PBXFileReference; lastKnownFileType = wrapper.framework; name = CoreGraphics.framework; path = System/Library/Frameworks/CoreGraphics.framework; sourceTree = SDKROOT; };
		0F81B94A171C0F95004FFBFD /* 1111-Info.plist */ = {isa = PBXFileReference; lastKnownFileType = text.plist.xml; path = "1111-Info.plist"; sourceTree = "<group>"; };
		0F81B94C171C0F95004FFBFD /* en */ = {isa = PBXFileReference; lastKnownFileType = text.plist.strings; name = en; path = en.lproj/InfoPlist.strings; sourceTree = "<group>"; };
		0F81B94E171C0F95004FFBFD /* main.m */ = {isa = PBXFileReference; lastKnownFileType = sourcecode.c.objc; path = main.m; sourceTree = "<group>"; };
		0F81B950171C0F95004FFBFD /* 1111-Prefix.pch */ = {isa = PBXFileReference; lastKnownFileType = sourcecode.c.h; path = "1111-Prefix.pch"; sourceTree = "<group>"; };
		0F81B951171C0F95004FFBFD /* AppDelegate.h */ = {isa = PBXFileReference; lastKnownFileType = sourcecode.c.h; path = AppDelegate.h; sourceTree = "<group>"; };
		0F81B952171C0F95004FFBFD /* AppDelegate.m */ = {isa = PBXFileReference; lastKnownFileType = sourcecode.c.objc; path = AppDelegate.m; sourceTree = "<group>"; };
		0F81B954171C0F95004FFBFD /* Default.png */ = {isa = PBXFileReference; lastKnownFileType = image.png; path = Default.png; sourceTree = "<group>"; };
		0F81B956171C0F95004FFBFD /* Default@2x.png */ = {isa = PBXFileReference; lastKnownFileType = image.png; path = "Default@2x.png"; sourceTree = "<group>"; };
		0F81B958171C0F95004FFBFD /* Default-568h@2x.png */ = {isa = PBXFileReference; lastKnownFileType = image.png; path = "Default-568h@2x.png"; sourceTree = "<group>"; };
		0F81B95A171C0F95004FFBFD /* ViewController.h */ = {isa = PBXFileReference; lastKnownFileType = sourcecode.c.h; path = ViewController.h; sourceTree = "<group>"; };
		0F81B95B171C0F95004FFBFD /* ViewController.m */ = {isa = PBXFileReference; lastKnownFileType = sourcecode.c.objc; path = ViewController.m; sourceTree = "<group>"; };
/* End PBXFileReference section */

/* Begin PBXFrameworksBuildPhase section */
		0F81B93C171C0F95004FFBFD /* Frameworks */ = {
			isa = PBXFrameworksBuildPhase;
			buildActionMask = 2147483647;
			files = (
				0F81B943171C0F95004FFBFD /* UIKit.framework in Frameworks */,
				0F81B945171C0F95004FFBFD /* Foundation.framework in Frameworks */,
				0F81B947171C0F95004FFBFD /* CoreGraphics.framework in Frameworks */,
			);
			runOnlyForDeploymentPostprocessing = 0;
		};
/* End PBXFrameworksBuildPhase section */

/* Begin PBXGroup section */
		0F81B936171C0F95004FFBFD = {
			isa = PBXGroup;
			children = (
				0F81B948171C0F95004FFBFD /* 1111 */,
				0F81B941171C0F95004FFBFD /* Frameworks */,
				0F81B940171C0F95004FFBFD /* Products */,
			);
			sourceTree = "<group>";
		};
		0F81B940171C0F95004FFBFD /* Products */ = {
			isa = PBXGroup;
			children = (
				0F81B93F171C0F95004FFBFD /* 1111.app */,
			);
			name = Products;
			sourceTree = "<group>";
		};
		0F81B941171C0F95004FFBFD /* Frameworks */ = {
			isa = PBXGroup;
			children = (
				0F81B942171C0F95004FFBFD /* UIKit.framework */,
				0F81B944171C0F95004FFBFD /* Foundation.framework */,
				0F81B946171C0F95004FFBFD /* CoreGraphics.framework */,
			);
			name = Frameworks;
			sourceTree = "<group>";
		};
		0F81B948171C0F95004FFBFD /* 1111 */ = {
			isa = PBXGroup;
			children = (
				0F81B951171C0F95004FFBFD /* AppDelegate.h */,
				0F81B952171C0F95004FFBFD /* AppDelegate.m */,
				0F81B95A171C0F95004FFBFD /* ViewController.h */,
				0F81B95B171C0F95004FFBFD /* ViewController.m */,
				0F81B949171C0F95004FFBFD /* Supporting Files */,
			);
			path = 1111;
			sourceTree = "<group>";
		};
		0F81B949171C0F95004FFBFD /* Supporting Files */ = {
			isa = PBXGroup;
			children = (
				0F81B94A171C0F95004FFBFD /* 1111-Info.plist */,
				0F81B94B171C0F95004FFBFD /* InfoPlist.strings */,
				0F81B94E171C0F95004FFBFD /* main.m */,
				0F81B950171C0F95004FFBFD /* 1111-Prefix.pch */,
				0F81B954171C0F95004FFBFD /* Default.png */,
				0F81B956171C0F95004FFBFD /* Default@2x.png */,
				0F81B958171C0F95004FFBFD /* Default-568h@2x.png */,
			);
			name = "Supporting Files";
			sourceTree = "<group>";
		};
/* End PBXGroup section */

/* Begin PBXNativeTarget section */
		0F81B93E171C0F95004FFBFD /* 1111 */ = {
			isa = PBXNativeTarget;
			buildConfigurationList = 0F81B962171C0F95004FFBFD /* Build configuration list for PBXNativeTarget "1111" */;
			buildPhases = (
				0F81B93B171C0F95004FFBFD /* Sources */,
				0F81B93C171C0F95004FFBFD /* Frameworks */,
				0F81B93D171C0F95004FFBFD /* Resources */,
			);
			buildRules = (
			);
			dependencies = (
			);
			name = 1111;
			productName = 1111;
			productReference = 0F81B93F171C0F95004FFBFD /* 1111.app */;
			productType = "com.apple.product-type.application";
		};
/* End PBXNativeTarget section */

/* Begin PBXProject section */
		0F81B937171C0F95004FFBFD /* Project object */ = {
			isa = PBXProject;
			attributes = {
				LastUpgradeCheck = 0460;
				ORGANIZATIONNAME = ibokan;
			};
			buildConfigurationList = 0F81B93A171C0F95004FFBFD /* Build configuration list for PBXProject "1111" */;
			compatibilityVersion = "Xcode 3.2";
			developmentRegion = English;
			hasScannedForEncodings = 0;
			knownRegions = (
				en,
			);
			mainGroup = 0F81B936171C0F95004FFBFD;
			productRefGroup = 0F81B940171C0F95004FFBFD /* Products */;
			projectDirPath = "";
			projectRoot = "";
			targets = (
				0F81B93E171C0F95004FFBFD /* 1111 */,
			);
		};
/* End PBXProject section */

/* Begin PBXResourcesBuildPhase section */
		0F81B93D171C0F95004FFBFD /* Resources */ = {
			isa = PBXResourcesBuildPhase;
			buildActionMask = 2147483647;
			files = (
				0F81B94D171C0F95004FFBFD /* InfoPlist.strings in Resources */,
				0F81B955171C0F95004FFBFD /* Default.png in Resources */,
				0F81B957171C0F95004FFBFD /* Default@2x.png in Resources */,
				0F81B959171C0F95004FFBFD /* Default-568h@2x.png in Resources */,
			);
			runOnlyForDeploymentPostprocessing = 0;
		};
/* End PBXResourcesBuildPhase section */

/* Begin PBXSourcesBuildPhase section */
		0F81B93B171C0F95004FFBFD /* Sources */ = {
			isa = PBXSourcesBuildPhase;
			buildActionMask = 2147483647;
			files = (
				0F81B94F171C0F95004FFBFD /* main.m in Sources */,
				0F81B953171C0F95004FFBFD /* AppDelegate.m in Sources */,
				0F81B95C171C0F95004FFBFD /* ViewController.m in Sources */,
			);
			runOnlyForDeploymentPostprocessing = 0;
		};
/* End PBXSourcesBuildPhase section */

/* Begin PBXVariantGroup section */
		0F81B94B171C0F95004FFBFD /* InfoPlist.strings */ = {
			isa = PBXVariantGroup;
			children = (
				0F81B94C171C0F95004FFBFD /* en */,
			);
			name = InfoPlist.strings;
			sourceTree = "<group>";
		};
/* End PBXVariantGroup section */

/* Begin XCBuildConfiguration section */
		0F81B960171C0F95004FFBFD /* Debug */ = {
			isa = XCBuildConfiguration;
			buildSettings = {
				ALWAYS_SEARCH_USER_PATHS = NO;
				CLANG_CXX_LANGUAGE_STANDARD = "gnu++0x";
				CLANG_CXX_LIBRARY = "libc++";
				CLANG_WARN_CONSTANT_CONVERSION = YES;
				CLANG_WARN_EMPTY_BODY = YES;
				CLANG_WARN_ENUM_CONVERSION = YES;
				CLANG_WARN_INT_CONVERSION = YES;
				CLANG_WARN__DUPLICATE_METHOD_MATCH = YES;
				"CODE_SIGN_IDENTITY[sdk=iphoneos*]" = "iPhone Developer";
				COPY_PHASE_STRIP = NO;
				GCC_C_LANGUAGE_STANDARD = gnu99;
				GCC_DYNAMIC_NO_PIC = NO;
				GCC_OPTIMIZATION_LEVEL = 0;
				GCC_PREPROCESSOR_DEFINITIONS = (
					"DEBUG=1",
					"$(inherited)",
				);
				GCC_SYMBOLS_PRIVATE_EXTERN = NO;
				GCC_WARN_ABOUT_RETURN_TYPE = YES;
				GCC_WARN_UNINITIALIZED_AUTOS = YES;
				GCC_WARN_UNUSED_VARIABLE = YES;
				IPHONEOS_DEPLOYMENT_TARGET = 6.1;
				ONLY_ACTIVE_ARCH = YES;
				SDKROOT = iphoneos;
			};
			name = Debug;
		};
		0F81B961171C0F95004FFBFD /* Release */ = {
			isa = XCBuildConfiguration;
			buildSettings = {
				ALWAYS_SEARCH_USER_PATHS = NO;
				CLANG_CXX_LANGUAGE_STANDARD = "gnu++0x";
				CLANG_CXX_LIBRARY = "libc++";
				CLANG_WARN_CONSTANT_CONVERSION = YES;
				CLANG_WARN_EMPTY_BODY = YES;
				CLANG_WARN_ENUM_CONVERSION = YES;
				CLANG_WARN_INT_CONVERSION = YES;
				CLANG_WARN__DUPLICATE_METHOD_MATCH = YES;
				"CODE_SIGN_IDENTITY[sdk=iphoneos*]" = "iPhone Developer";
				COPY_PHASE_STRIP = YES;
				GCC_C_LANGUAGE_STANDARD = gnu99;
				GCC_WARN_ABOUT_RETURN_TYPE = YES;
				GCC_WARN_UNINITIALIZED_AUTOS = YES;
				GCC_WARN_UNUSED_VARIABLE = YES;
				IPHONEOS_DEPLOYMENT_TARGET = 6.1;
				OTHER_CFLAGS = "-DNS_BLOCK_ASSERTIONS=1";
				SDKROOT = iphoneos;
				VALIDATE_PRODUCT = YES;
			};
			name = Release;
		};
		0F81B963171C0F95004FFBFD /* Debug */ = {
			isa = XCBuildConfiguration;
			buildSettings = {
				GCC_PRECOMPILE_PREFIX_HEADER = YES;
				GCC_PREFIX_HEADER = "1111/1111-Prefix.pch";
				INFOPLIST_FILE = "1111/1111-Info.plist";
				PRODUCT_NAME = "$(TARGET_NAME)";
				WRAPPER_EXTENSION = app;
			};
			name = Debug;
		};
		0F81B964171C0F95004FFBFD /* Release */ = {
			isa = XCBuildConfiguration;
			buildSettings = {
				GCC_PRECOMPILE_PREFIX_HEADER = YES;
				GCC_PREFIX_HEADER = "1111/1111-Prefix.pch";
				INFOPLIST_FILE = "1111/1111-Info.plist";
				PRODUCT_NAME = "$(TARGET_NAME)";
				WRAPPER_EXTENSION = app;
			};
			name = Release;
		};
/* End XCBuildConfiguration section */

/* Begin XCConfigurationList section */
		0F81B93A171C0F95004FFBFD /* Build configuration list for PBXProject "1111" */ = {
			isa = XCConfigurationList;
			buildConfigurations = (
				0F81B960171C0F95004FFBFD /* Debug */,
				0F81B961171C0F95004FFBFD /* Release */,
			);
			defaultConfigurationIsVisible = 0;
			defaultConfigurationName = Release;
		};
		0F81B962171C0F95004FFBFD /* Build configuration list for PBXNativeTarget "1111" */ = {
			isa = XCConfigurationList;
			buildConfigurations = (
				0F81B963171C0F95004FFBFD /* Debug */,
				0F81B964171C0F95004FFBFD /* Release */,
			);
			defaultConfigurationIsVisible = 0;
		};
/* End XCConfigurationList section */
	};
	rootObject = 0F81B937171C0F95004FFBFD /* Project object */;
}
